
Microsoft Visual Studio Solution File, Format Version 12.00
# Visual Studio Version 16
VisualStudioVersion = 16.0.30523.141
MinimumVisualStudioVersion = 10.0.40219.1
Project("{9A19103F-16F7-4668-BE54-9A1E7A4F7556}") = "Kontur.Extern.Client", "ExternDotnetSDK\Kontur.Extern.Client.csproj", "{BC1380C5-17B7-4C82-832C-40A647FBAD58}"
EndProject
Project("{9A19103F-16F7-4668-BE54-9A1E7A4F7556}") = "Kontur.Extern.Client.Tests", "ExternDotnetSDKTests\Kontur.Extern.Client.Tests.csproj", "{ABA9A116-2F0A-4442-8449-4994A3B257AE}"
EndProject
Project("{9A19103F-16F7-4668-BE54-9A1E7A4F7556}") = "Kontur.Extern.Client.Vostok", "ClusterClientIntegration\Kontur.Extern.Client.Vostok.csproj", "{FE0A6C55-9C46-4A24-B07F-6058C560A839}"
EndProject
Project("{FAE04EC0-301F-11D3-BF4B-00C04F79EFBC}") = "Kontur.Extern.Client.IntegrationTests", "Kontur.Extern.Client.IntegrationTests\Kontur.Extern.Client.IntegrationTests.csproj", "{DB68F6DE-9072-41D4-BE2C-1A1C4F7DC845}"
EndProject
Global
	GlobalSection(SolutionConfigurationPlatforms) = preSolution
		Debug|Any CPU = Debug|Any CPU
		Release|Any CPU = Release|Any CPU
	EndGlobalSection
	GlobalSection(ProjectConfigurationPlatforms) = postSolution
		{BC1380C5-17B7-4C82-832C-40A647FBAD58}.Debug|Any CPU.ActiveCfg = Debug|Any CPU
		{BC1380C5-17B7-4C82-832C-40A647FBAD58}.Debug|Any CPU.Build.0 = Debug|Any CPU
		{BC1380C5-17B7-4C82-832C-40A647FBAD58}.Release|Any CPU.ActiveCfg = Release|Any CPU
		{BC1380C5-17B7-4C82-832C-40A647FBAD58}.Release|Any CPU.Build.0 = Release|Any CPU
		{ABA9A116-2F0A-4442-8449-4994A3B257AE}.Debug|Any CPU.ActiveCfg = Debug|Any CPU
		{ABA9A116-2F0A-4442-8449-4994A3B257AE}.Debug|Any CPU.Build.0 = Debug|Any CPU
		{ABA9A116-2F0A-4442-8449-4994A3B257AE}.Release|Any CPU.ActiveCfg = Release|Any CPU
		{ABA9A116-2F0A-4442-8449-4994A3B257AE}.Release|Any CPU.Build.0 = Release|Any CPU
		{FE0A6C55-9C46-4A24-B07F-6058C560A839}.Debug|Any CPU.ActiveCfg = Debug|Any CPU
		{FE0A6C55-9C46-4A24-B07F-6058C560A839}.Debug|Any CPU.Build.0 = Debug|Any CPU
		{FE0A6C55-9C46-4A24-B07F-6058C560A839}.Release|Any CPU.ActiveCfg = Release|Any CPU
		{FE0A6C55-9C46-4A24-B07F-6058C560A839}.Release|Any CPU.Build.0 = Release|Any CPU
		{DB68F6DE-9072-41D4-BE2C-1A1C4F7DC845}.Debug|Any CPU.ActiveCfg = Debug|Any CPU
		{DB68F6DE-9072-41D4-BE2C-1A1C4F7DC845}.Debug|Any CPU.Build.0 = Debug|Any CPU
		{DB68F6DE-9072-41D4-BE2C-1A1C4F7DC845}.Release|Any CPU.ActiveCfg = Release|Any CPU
		{DB68F6DE-9072-41D4-BE2C-1A1C4F7DC845}.Release|Any CPU.Build.0 = Release|Any CPU
	EndGlobalSection
	GlobalSection(SolutionProperties) = preSolution
		HideSolutionNode = FALSE
	EndGlobalSection
	GlobalSection(ExtensibilityGlobals) = postSolution
		SolutionGuid = {1ED4D1A4-7CF8-4C59-B489-9551E77F97A9}
	EndGlobalSection
EndGlobal
